
Microsoft Visual Studio Solution File, Format Version 12.00
# Visual Studio Version 16
VisualStudioVersion = 16.0.29613.14
MinimumVisualStudioVersion = 10.0.40219.1
Project("{FAE04EC0-301F-11D3-BF4B-00C04F79EFBC}") = "PreisVergleich", "PreisVergleich\PreisVergleich.csproj", "{FD11DB2E-9369-462D-AE37-9C2DBB8A1EA1}"
EndProject
Global
	GlobalSection(SolutionConfigurationPlatforms) = preSolution
		Debug|Any CPU = Debug|Any CPU
		Release|Any CPU = Release|Any CPU
	EndGlobalSection
	GlobalSection(ProjectConfigurationPlatforms) = postSolution
		{FD11DB2E-9369-462D-AE37-9C2DBB8A1EA1}.Debug|Any CPU.ActiveCfg = Debug|Any CPU
		{FD11DB2E-9369-462D-AE37-9C2DBB8A1EA1}.Debug|Any CPU.Build.0 = Debug|Any CPU
		{FD11DB2E-9369-462D-AE37-9C2DBB8A1EA1}.Release|Any CPU.ActiveCfg = Release|Any CPU
		{FD11DB2E-9369-462D-AE37-9C2DBB8A1EA1}.Release|Any CPU.Build.0 = Release|Any CPU
	EndGlobalSection
	GlobalSection(SolutionProperties) = preSolution
		HideSolutionNode = FALSE
	EndGlobalSection
	GlobalSection(ExtensibilityGlobals) = postSolution
		SolutionGuid = {A503556B-1868-482E-B811-4D28D5171914}
	EndGlobalSection
EndGlobal
